
Microsoft Visual Studio Solution File, Format Version 12.00
# Visual Studio Version 16
VisualStudioVersion = 16.0.31605.320
MinimumVisualStudioVersion = 10.0.40219.1
Project("{00D1A9C2-B5F0-4AF3-8072-F6C62B433612}") = "Online", "Post\ONLINE\online.sqlproj", "{C0FBDD4E-9A1A-4202-A01A-F553ADD9C3F0}"
EndProject
Project("{00D1A9C2-B5F0-4AF3-8072-F6C62B433612}") = "ODS", "Post\ODS\ODS.sqlproj", "{76CA9DB6-9989-4EEF-9A52-991A033B4E23}"
EndProject
Project("{00D1A9C2-B5F0-4AF3-8072-F6C62B433612}") = "DWH", "Post\DWH\DWH.sqlproj", "{9E51F151-585E-4E3A-A85E-EC799737F268}"
EndProject
Global
	GlobalSection(SolutionConfigurationPlatforms) = preSolution
		Debug|Any CPU = Debug|Any CPU
		Release|Any CPU = Release|Any CPU
	EndGlobalSection
	GlobalSection(ProjectConfigurationPlatforms) = postSolution
		{C0FBDD4E-9A1A-4202-A01A-F553ADD9C3F0}.Debug|Any CPU.ActiveCfg = Debug|Any CPU
		{C0FBDD4E-9A1A-4202-A01A-F553ADD9C3F0}.Debug|Any CPU.Build.0 = Debug|Any CPU
		{C0FBDD4E-9A1A-4202-A01A-F553ADD9C3F0}.Debug|Any CPU.Deploy.0 = Debug|Any CPU
		{C0FBDD4E-9A1A-4202-A01A-F553ADD9C3F0}.Release|Any CPU.ActiveCfg = Release|Any CPU
		{C0FBDD4E-9A1A-4202-A01A-F553ADD9C3F0}.Release|Any CPU.Build.0 = Release|Any CPU
		{C0FBDD4E-9A1A-4202-A01A-F553ADD9C3F0}.Release|Any CPU.Deploy.0 = Release|Any CPU
		{76CA9DB6-9989-4EEF-9A52-991A033B4E23}.Debug|Any CPU.ActiveCfg = Debug|Any CPU
		{76CA9DB6-9989-4EEF-9A52-991A033B4E23}.Debug|Any CPU.Build.0 = Debug|Any CPU
		{76CA9DB6-9989-4EEF-9A52-991A033B4E23}.Debug|Any CPU.Deploy.0 = Debug|Any CPU
		{76CA9DB6-9989-4EEF-9A52-991A033B4E23}.Release|Any CPU.ActiveCfg = Release|Any CPU
		{76CA9DB6-9989-4EEF-9A52-991A033B4E23}.Release|Any CPU.Build.0 = Release|Any CPU
		{76CA9DB6-9989-4EEF-9A52-991A033B4E23}.Release|Any CPU.Deploy.0 = Release|Any CPU
		{9E51F151-585E-4E3A-A85E-EC799737F268}.Debug|Any CPU.ActiveCfg = Debug|Any CPU
		{9E51F151-585E-4E3A-A85E-EC799737F268}.Debug|Any CPU.Build.0 = Debug|Any CPU
		{9E51F151-585E-4E3A-A85E-EC799737F268}.Debug|Any CPU.Deploy.0 = Debug|Any CPU
		{9E51F151-585E-4E3A-A85E-EC799737F268}.Release|Any CPU.ActiveCfg = Release|Any CPU
		{9E51F151-585E-4E3A-A85E-EC799737F268}.Release|Any CPU.Build.0 = Release|Any CPU
		{9E51F151-585E-4E3A-A85E-EC799737F268}.Release|Any CPU.Deploy.0 = Release|Any CPU
	EndGlobalSection
	GlobalSection(SolutionProperties) = preSolution
		HideSolutionNode = FALSE
	EndGlobalSection
	GlobalSection(ExtensibilityGlobals) = postSolution
		SolutionGuid = {DDFAF265-58A9-4202-BB41-EFE86571FE91}
	EndGlobalSection
EndGlobal
