
Microsoft Visual Studio Solution File, Format Version 12.00
# Visual Studio Version 16
VisualStudioVersion = 16.0.30503.244
MinimumVisualStudioVersion = 10.0.40219.1
Project("{9A19103F-16F7-4668-BE54-9A1E7A4F7556}") = "cmf", "cmf-cli\cmf.csproj", "{992E16A7-340F-42E4-9281-F3759D8E73FB}"
EndProject
Project("{2150E333-8FDC-42A3-9474-1A3956D46DE8}") = "Solution Items", "Solution Items", "{81DA6013-EDAA-4629-B5CC-EC2989AE3613}"
	ProjectSection(SolutionItems) = preProject
		.editorconfig = .editorconfig
	EndProjectSection
EndProject
Global
	GlobalSection(SolutionConfigurationPlatforms) = preSolution
		Debug|Any CPU = Debug|Any CPU
		Release|Any CPU = Release|Any CPU
	EndGlobalSection
	GlobalSection(ProjectConfigurationPlatforms) = postSolution
		{992E16A7-340F-42E4-9281-F3759D8E73FB}.Debug|Any CPU.ActiveCfg = Debug|Any CPU
		{992E16A7-340F-42E4-9281-F3759D8E73FB}.Debug|Any CPU.Build.0 = Debug|Any CPU
		{992E16A7-340F-42E4-9281-F3759D8E73FB}.Release|Any CPU.ActiveCfg = Release|Any CPU
		{992E16A7-340F-42E4-9281-F3759D8E73FB}.Release|Any CPU.Build.0 = Release|Any CPU
	EndGlobalSection
	GlobalSection(SolutionProperties) = preSolution
		HideSolutionNode = FALSE
	EndGlobalSection
	GlobalSection(ExtensibilityGlobals) = postSolution
		SolutionGuid = {992BC2A0-4206-4E1E-90FB-CD17A5897017}
	EndGlobalSection
EndGlobal
