
Microsoft Visual Studio Solution File, Format Version 12.00
# Visual Studio Version 17
VisualStudioVersion = 17.9.34723.18
MinimumVisualStudioVersion = 10.0.40219.1
Project("{9A19103F-16F7-4668-BE54-9A1E7A4F7556}") = "Cmf.Connect.IoT.Driver.<%= $CLI_PARAM_Identifier %>", "Cmf.Connect.IoT.Driver.<%= $CLI_PARAM_Identifier %>\Cmf.Connect.IoT.Driver.<%= $CLI_PARAM_Identifier %>.csproj", "{C4A86B1D-8F16-48C0-B98D-B0383D901076}"
EndProject
Global
	GlobalSection(SolutionConfigurationPlatforms) = preSolution
		Debug|Any CPU = Debug|Any CPU
		Release|Any CPU = Release|Any CPU
	EndGlobalSection
	GlobalSection(ProjectConfigurationPlatforms) = postSolution
		{C4A86B1D-8F16-48C0-B98D-B0383D901076}.Debug|Any CPU.ActiveCfg = Debug|Any CPU
		{C4A86B1D-8F16-48C0-B98D-B0383D901076}.Debug|Any CPU.Build.0 = Debug|Any CPU
		{C4A86B1D-8F16-48C0-B98D-B0383D901076}.Release|Any CPU.ActiveCfg = Release|Any CPU
		{C4A86B1D-8F16-48C0-B98D-B0383D901076}.Release|Any CPU.Build.0 = Release|Any CPU
		{4E3F31E6-B9F3-45E4-9D97-717F11F8C435}.Debug|Any CPU.ActiveCfg = Debug|Any CPU
		{4E3F31E6-B9F3-45E4-9D97-717F11F8C435}.Debug|Any CPU.Build.0 = Debug|Any CPU
		{4E3F31E6-B9F3-45E4-9D97-717F11F8C435}.Release|Any CPU.ActiveCfg = Release|Any CPU
		{4E3F31E6-B9F3-45E4-9D97-717F11F8C435}.Release|Any CPU.Build.0 = Release|Any CPU
	EndGlobalSection
	GlobalSection(SolutionProperties) = preSolution
		HideSolutionNode = FALSE
	EndGlobalSection
	GlobalSection(ExtensibilityGlobals) = postSolution
		SolutionGuid = {F72C4350-99D0-4BA6-888E-3B71431A7ADD}
	EndGlobalSection
EndGlobal
